
Microsoft Visual Studio Solution File, Format Version 12.00
# Visual Studio Version 17
VisualStudioVersion = 17.13.35931.197 d17.13
MinimumVisualStudioVersion = 10.0.40219.1
Project("{FAE04EC0-301F-11D3-BF4B-00C04F79EFBC}") = "oli-fm", "oli-fm.csproj", "{27F9FE8E-ED04-4768-B672-F05DC5345B2A}"
EndProject
Global
	GlobalSection(SolutionConfigurationPlatforms) = preSolution
		Debug|Any CPU = Debug|Any CPU
		Release|Any CPU = Release|Any CPU
	EndGlobalSection
	GlobalSection(ProjectConfigurationPlatforms) = postSolution
		{27F9FE8E-ED04-4768-B672-F05DC5345B2A}.Debug|Any CPU.ActiveCfg = Debug|Any CPU
		{27F9FE8E-ED04-4768-B672-F05DC5345B2A}.Debug|Any CPU.Build.0 = Debug|Any CPU
		{27F9FE8E-ED04-4768-B672-F05DC5345B2A}.Release|Any CPU.ActiveCfg = Release|Any CPU
		{27F9FE8E-ED04-4768-B672-F05DC5345B2A}.Release|Any CPU.Build.0 = Release|Any CPU
	EndGlobalSection
	GlobalSection(SolutionProperties) = preSolution
		HideSolutionNode = FALSE
	EndGlobalSection
	GlobalSection(ExtensibilityGlobals) = postSolution
		SolutionGuid = {494F805D-39DA-4186-A244-F7358FE7E3D6}
	EndGlobalSection
EndGlobal
